
Microsoft Visual Studio Solution File, Format Version 12.00
# Visual Studio Version 17
VisualStudioVersion = 17.3.32819.101
MinimumVisualStudioVersion = 15.0.26124.0
Project("{9A19103F-16F7-4668-BE54-9A1E7A4F7556}") = "Cake.CodeQL.Cli", "src\Cake.CodeQL.Cli\Cake.CodeQL.Cli.csproj", "{32D1A768-6DDF-4127-967D-DA9BD00C8F26}"
EndProject
Global
	GlobalSection(SolutionConfigurationPlatforms) = preSolution
		Debug|Any CPU = Debug|Any CPU
		Release|Any CPU = Release|Any CPU
	EndGlobalSection
	GlobalSection(ProjectConfigurationPlatforms) = postSolution
		{32D1A768-6DDF-4127-967D-DA9BD00C8F26}.Debug|Any CPU.ActiveCfg = Debug|Any CPU
		{32D1A768-6DDF-4127-967D-DA9BD00C8F26}.Debug|Any CPU.Build.0 = Debug|Any CPU
		{32D1A768-6DDF-4127-967D-DA9BD00C8F26}.Release|Any CPU.ActiveCfg = Release|Any CPU
		{32D1A768-6DDF-4127-967D-DA9BD00C8F26}.Release|Any CPU.Build.0 = Release|Any CPU
	EndGlobalSection
	GlobalSection(SolutionProperties) = preSolution
		HideSolutionNode = FALSE
	EndGlobalSection
	GlobalSection(ExtensibilityGlobals) = postSolution
		SolutionGuid = {7D15F748-7D66-45A7-A2C5-3119C8652D48}
	EndGlobalSection
EndGlobal
